
Microsoft Visual Studio Solution File, Format Version 12.00
# Visual Studio Version 16
VisualStudioVersion = 16.0.29418.71
MinimumVisualStudioVersion = 10.0.40219.1
Project("{FAE04EC0-301F-11D3-BF4B-00C04F79EFBC}") = "syp.biz.SockJS.NET.Framework.Client", "syp.biz\SockJS.NET.Framework\syp.biz.SockJS.NET.Framework.Client\syp.biz.SockJS.NET.Framework.Client.csproj", "{FAA7BFE6-03A5-4422-9091-014B2D757D67}"
EndProject
Project("{FAE04EC0-301F-11D3-BF4B-00C04F79EFBC}") = "syp.biz.SockJS.NET.Framework.Common", "syp.biz\SockJS.NET.Framework\syp.biz.SockJS.NET.Framework.Common\syp.biz.SockJS.NET.Framework.Common.csproj", "{8E8347A2-9192-4445-BAFB-0A498005D028}"
EndProject
Project("{9A19103F-16F7-4668-BE54-9A1E7A4F7556}") = "syp.biz.SockJS.NET.Test", "syp.biz\SockJS.NET\syp.biz.SockJS.NET.Test\syp.biz.SockJS.NET.Test.csproj", "{97795FE7-F4D8-412A-8F9B-E8A623DF3FF5}"
EndProject
Global
	GlobalSection(SolutionConfigurationPlatforms) = preSolution
		Debug|Any CPU = Debug|Any CPU
		Release|Any CPU = Release|Any CPU
	EndGlobalSection
	GlobalSection(ProjectConfigurationPlatforms) = postSolution
		{FAA7BFE6-03A5-4422-9091-014B2D757D67}.Debug|Any CPU.ActiveCfg = Debug|Any CPU
		{FAA7BFE6-03A5-4422-9091-014B2D757D67}.Debug|Any CPU.Build.0 = Debug|Any CPU
		{FAA7BFE6-03A5-4422-9091-014B2D757D67}.Release|Any CPU.ActiveCfg = Release|Any CPU
		{FAA7BFE6-03A5-4422-9091-014B2D757D67}.Release|Any CPU.Build.0 = Release|Any CPU
		{8E8347A2-9192-4445-BAFB-0A498005D028}.Debug|Any CPU.ActiveCfg = Debug|Any CPU
		{8E8347A2-9192-4445-BAFB-0A498005D028}.Debug|Any CPU.Build.0 = Debug|Any CPU
		{8E8347A2-9192-4445-BAFB-0A498005D028}.Release|Any CPU.ActiveCfg = Release|Any CPU
		{8E8347A2-9192-4445-BAFB-0A498005D028}.Release|Any CPU.Build.0 = Release|Any CPU
		{97795FE7-F4D8-412A-8F9B-E8A623DF3FF5}.Debug|Any CPU.ActiveCfg = Debug|Any CPU
		{97795FE7-F4D8-412A-8F9B-E8A623DF3FF5}.Debug|Any CPU.Build.0 = Debug|Any CPU
		{97795FE7-F4D8-412A-8F9B-E8A623DF3FF5}.Release|Any CPU.ActiveCfg = Release|Any CPU
		{97795FE7-F4D8-412A-8F9B-E8A623DF3FF5}.Release|Any CPU.Build.0 = Release|Any CPU
	EndGlobalSection
	GlobalSection(SolutionProperties) = preSolution
		HideSolutionNode = FALSE
	EndGlobalSection
	GlobalSection(ExtensibilityGlobals) = postSolution
		SolutionGuid = {36F7FEBA-4E69-43CE-BD62-B2A2B60EE0F3}
	EndGlobalSection
EndGlobal
